schema: '2.0'
stages:
  load_data:
    cmd: python src/load_data.py --config=params.yaml
    deps:
    - path: data_given/winequality.csv
      md5: ccc8d3507eb151f53f760d36abdef888
      size: 91998
    - path: src/get_data.py
      md5: b3a186f20ec2d95dc9fdab80d86dd513
      size: 774
    - path: src/load_data.py
      md5: 1672686daed451374a18bf0c6ed8e4b3
      size: 756
    outs:
    - path: data/raw/winequality.csv
      md5: d98e8f2eca228c11c4de1cc96866a54d
      size: 93598
